<?xml version="1.0" encoding="utf-8"?>
<Project ToolsVersion="4.0" xmlns="http://schemas.microsoft.com/developer/msbuild/2003">
  <ItemGroup>
    <Filter Include="Source Files">
      <UniqueIdentifier>{4FC737F1-C7A5-4376-A066-2A32D752A2FF}</UniqueIdentifier>
      <Extensions>cpp;cxx;c;def</Extensions>
    </Filter>
    <Filter Include="Header Files">
      <UniqueIdentifier>{93995380-89BD-4b04-88EB-625FBE52EBFB}</UniqueIdentifier>
      <Extensions>h</Extensions>
    </Filter>
    <Filter Include="Form Files">
      <UniqueIdentifier>{99349809-55BA-4b9d-BF79-8FDBB0286EB3}</UniqueIdentifier>
      <Extensions>ui</Extensions>
    </Filter>
    <Filter Include="Resource Files">
      <UniqueIdentifier>{D9D6E242-F8AF-46E4-B9FD-80ECBC20BA3E}</UniqueIdentifier>
      <Extensions>qrc;*</Extensions>
      <ParseFiles>false</ParseFiles>
    </Filter>
    <Filter Include="Generated Files">
      <UniqueIdentifier>{71ED8ED8-ACB9-4CE9-BBE1-E00B30144E11}</UniqueIdentifier>
      <Extensions>moc;h;cpp</Extensions>
      <SourceControlFiles>False</SourceControlFiles>
    </Filter>
    <Filter Include="Generated Files\Debug">
      <UniqueIdentifier>{6abd40de-d0bc-4f8f-be19-42a97c9e64b1}</UniqueIdentifier>
      <Extensions>cpp;moc</Extensions>
      <SourceControlFiles>False</SourceControlFiles>
    </Filter>
    <Filter Include="Generated Files\Release">
      <UniqueIdentifier>{cdc1bd0f-a45d-4d55-bc90-c78cf129f928}</UniqueIdentifier>
      <Extensions>cpp;moc</Extensions>
      <SourceControlFiles>False</SourceControlFiles>
    </Filter>
  </ItemGroup>
  <ItemGroup>
    <CustomBuild Include="mainwindow.ui">
      <Filter>Form Files</Filter>
    </CustomBuild>
    <CustomBuild Include="overdialog.ui">
      <Filter>Form Files</Filter>
    </CustomBuild>
    <CustomBuild Include="sound.ui">
      <Filter>Form Files</Filter>
    </CustomBuild>
    <CustomBuild Include="testWindow.ui">
      <Filter>Form Files</Filter>
    </CustomBuild>
    <CustomBuild Include="mainwindow.h">
      <Filter>Header Files</Filter>
    </CustomBuild>
    <CustomBuild Include="overdialog.h">
      <Filter>Header Files</Filter>
    </CustomBuild>
    <CustomBuild Include="qextserialbase.h">
      <Filter>Header Files</Filter>
    </CustomBuild>
    <CustomBuild Include="qextserialport.h">
      <Filter>Header Files</Filter>
    </CustomBuild>
    <CustomBuild Include="sound.h">
      <Filter>Header Files</Filter>
    </CustomBuild>
    <CustomBuild Include="win_qextserialport.h">
      <Filter>Header Files</Filter>
    </CustomBuild>
    <CustomBuild Include="source.qrc">
      <Filter>Resource Files</Filter>
    </CustomBuild>
  </ItemGroup>
  <ItemGroup>
    <ClInclude Include="GeneratedFiles\ui_mainwindow.h">
      <Filter>Generated Files</Filter>
    </ClInclude>
    <ClInclude Include="GeneratedFiles\ui_overdialog.h">
      <Filter>Generated Files</Filter>
    </ClInclude>
    <ClInclude Include="GeneratedFiles\ui_sound.h">
      <Filter>Generated Files</Filter>
    </ClInclude>
    <ClInclude Include="GeneratedFiles\ui_testWindow.h">
      <Filter>Generated Files</Filter>
    </ClInclude>
    <ClInclude Include="communication.h">
      <Filter>Header Files</Filter>
    </ClInclude>
    <ClInclude Include="image.h">
      <Filter>Header Files</Filter>
    </ClInclude>
    <ClInclude Include="property.h">
      <Filter>Header Files</Filter>
    </ClInclude>
    <ClInclude Include="testWindow.h">
      <Filter>Header Files</Filter>
    </ClInclude>
  </ItemGroup>
  <ItemGroup>
    <ClCompile Include="GeneratedFiles\Debug\moc_mainwindow.cpp">
      <Filter>Generated Files\Debug</Filter>
    </ClCompile>
    <ClCompile Include="GeneratedFiles\Release\moc_mainwindow.cpp">
      <Filter>Generated Files\Release</Filter>
    </ClCompile>
    <ClCompile Include="GeneratedFiles\Debug\moc_overdialog.cpp">
      <Filter>Generated Files\Debug</Filter>
    </ClCompile>
    <ClCompile Include="GeneratedFiles\Release\moc_overdialog.cpp">
      <Filter>Generated Files\Release</Filter>
    </ClCompile>
    <ClCompile Include="GeneratedFiles\Debug\moc_qextserialbase.cpp">
      <Filter>Generated Files\Debug</Filter>
    </ClCompile>
    <ClCompile Include="GeneratedFiles\Release\moc_qextserialbase.cpp">
      <Filter>Generated Files\Release</Filter>
    </ClCompile>
    <ClCompile Include="GeneratedFiles\Debug\moc_qextserialport.cpp">
      <Filter>Generated Files\Debug</Filter>
    </ClCompile>
    <ClCompile Include="GeneratedFiles\Release\moc_qextserialport.cpp">
      <Filter>Generated Files\Release</Filter>
    </ClCompile>
    <ClCompile Include="GeneratedFiles\Debug\moc_sound.cpp">
      <Filter>Generated Files\Debug</Filter>
    </ClCompile>
    <ClCompile Include="GeneratedFiles\Release\moc_sound.cpp">
      <Filter>Generated Files\Release</Filter>
    </ClCompile>
    <ClCompile Include="GeneratedFiles\Debug\moc_win_qextserialport.cpp">
      <Filter>Generated Files\Debug</Filter>
    </ClCompile>
    <ClCompile Include="GeneratedFiles\Release\moc_win_qextserialport.cpp">
      <Filter>Generated Files\Release</Filter>
    </ClCompile>
    <ClCompile Include="GeneratedFiles\qrc_source.cpp">
      <Filter>Generated Files</Filter>
    </ClCompile>
    <ClCompile Include="communication.cpp">
      <Filter>Source Files</Filter>
    </ClCompile>
    <ClCompile Include="image.cpp">
      <Filter>Source Files</Filter>
    </ClCompile>
    <ClCompile Include="main.cpp">
      <Filter>Source Files</Filter>
    </ClCompile>
    <ClCompile Include="mainwindow.cpp">
      <Filter>Source Files</Filter>
    </ClCompile>
    <ClCompile Include="overdialog.cpp">
      <Filter>Source Files</Filter>
    </ClCompile>
    <ClCompile Include="property.cpp">
      <Filter>Source Files</Filter>
    </ClCompile>
    <ClCompile Include="qextserialbase.cpp">
      <Filter>Source Files</Filter>
    </ClCompile>
    <ClCompile Include="qextserialport.cpp">
      <Filter>Source Files</Filter>
    </ClCompile>
    <ClCompile Include="sound.cpp">
      <Filter>Source Files</Filter>
    </ClCompile>
    <ClCompile Include="testWindow.cpp">
      <Filter>Source Files</Filter>
    </ClCompile>
    <ClCompile Include="win_qextserialport.cpp">
      <Filter>Source Files</Filter>
    </ClCompile>
  </ItemGroup>
  <ItemGroup>
    <Image Include="image\background2.png">
      <Filter>Resource Files</Filter>
    </Image>
    <Image Include="image\background3.png">
      <Filter>Resource Files</Filter>
    </Image>
    <Image Include="image\pause.jpg">
      <Filter>Resource Files</Filter>
    </Image>
    <Image Include="image\pit.png">
      <Filter>Resource Files</Filter>
    </Image>
    <Image Include="image\property.png">
      <Filter>Resource Files</Filter>
    </Image>
    <Image Include="image\out.jpg">
      <Filter>Resource Files</Filter>
    </Image>
    <Image Include="image\14.jpg">
      <Filter>Resource Files</Filter>
    </Image>
    <Image Include="image\44.jpg">
      <Filter>Resource Files</Filter>
    </Image>
    <Image Include="image\55.jpg">
      <Filter>Resource Files</Filter>
    </Image>
    <Image Include="image\background.jpg">
      <Filter>Resource Files</Filter>
    </Image>
    <Image Include="image\close.png">
      <Filter>Resource Files</Filter>
    </Image>
    <Image Include="image\minisize (1).png">
      <Filter>Resource Files</Filter>
    </Image>
    <Image Include="image\music1.png">
      <Filter>Resource Files</Filter>
    </Image>
    <Image Include="image\54321.gif">
      <Filter>Resource Files</Filter>
    </Image>
  </ItemGroup>
</Project>